
Microsoft Visual Studio Solution File, Format Version 12.00
# Visual Studio Version 17
VisualStudioVersion = 17.3.32825.248
MinimumVisualStudioVersion = 10.0.40219.1
Project("{FAE04EC0-301F-11D3-BF4B-00C04F79EFBC}") = "project_task", "project_task\project_task.csproj", "{BEEC8CA8-5174-4806-8460-9D426293F610}"
EndProject
Global
	GlobalSection(SolutionConfigurationPlatforms) = preSolution
		Debug|Any CPU = Debug|Any CPU
		Release|Any CPU = Release|Any CPU
	EndGlobalSection
	GlobalSection(ProjectConfigurationPlatforms) = postSolution
		{BEEC8CA8-5174-4806-8460-9D426293F610}.Debug|Any CPU.ActiveCfg = Debug|Any CPU
		{BEEC8CA8-5174-4806-8460-9D426293F610}.Debug|Any CPU.Build.0 = Debug|Any CPU
		{BEEC8CA8-5174-4806-8460-9D426293F610}.Release|Any CPU.ActiveCfg = Release|Any CPU
		{BEEC8CA8-5174-4806-8460-9D426293F610}.Release|Any CPU.Build.0 = Release|Any CPU
	EndGlobalSection
	GlobalSection(SolutionProperties) = preSolution
		HideSolutionNode = FALSE
	EndGlobalSection
	GlobalSection(ExtensibilityGlobals) = postSolution
		SolutionGuid = {C5BAF05D-C812-4A22-A007-39B2898BE05F}
	EndGlobalSection
EndGlobal
